
Microsoft Visual Studio Solution File, Format Version 12.00
# Visual Studio Version 16
VisualStudioVersion = 16.0.36227.6
MinimumVisualStudioVersion = 10.0.40219.1
Project("{2150E333-8FDC-42A3-9474-1A3956D46DE8}") = "ShopManagement", "ShopManagement", "{16EE61FA-6A35-45D9-971A-CAEA01F7682E}"
EndProject
Project("{2150E333-8FDC-42A3-9474-1A3956D46DE8}") = "SM.Domain", "SM.Domain", "{BE0AD143-AE43-47DB-A074-FCC233B98A47}"
EndProject
Project("{9A19103F-16F7-4668-BE54-9A1E7A4F7556}") = "ShopManagement.Domain", "ShopManagement.Domain\ShopManagement.Domain.csproj", "{81527FBC-217A-4819-AE96-11CF7B5BE5E8}"
EndProject
Project("{9A19103F-16F7-4668-BE54-9A1E7A4F7556}") = "0_Framework", "0_Framework\0_Framework.csproj", "{049FA03D-F62B-4FF2-AD15-9C59096B7B06}"
EndProject
Project("{2150E333-8FDC-42A3-9474-1A3956D46DE8}") = "SM.Application", "SM.Application", "{69E17012-D9CF-464B-90D4-4174DB579AF8}"
EndProject
Project("{9A19103F-16F7-4668-BE54-9A1E7A4F7556}") = "ShopManagement.Application.Contracts", "ShopManagement.Application.Contracts\ShopManagement.Application.Contracts.csproj", "{320BFAB4-3AA7-4C8E-8A04-20A25BE38E55}"
EndProject
Project("{9A19103F-16F7-4668-BE54-9A1E7A4F7556}") = "ShopManagement.Application", "ShopManagement.Application\ShopManagement.Application.csproj", "{FFE85D20-BED9-45BB-A4CC-49F387E3B013}"
EndProject
Project("{2150E333-8FDC-42A3-9474-1A3956D46DE8}") = "SM.Infrastructure", "SM.Infrastructure", "{66DE9C2E-AFE2-45D9-8609-A81F8D50E275}"
EndProject
Project("{9A19103F-16F7-4668-BE54-9A1E7A4F7556}") = "ShopManagement.Infrastructure.EFCore", "ShopManagement.Infrastructure.EFCore\ShopManagement.Infrastructure.EFCore.csproj", "{B5E29590-0F96-45BD-BBD8-5AEF6DB80BB1}"
EndProject
Project("{9A19103F-16F7-4668-BE54-9A1E7A4F7556}") = "ShopManagement.Configuration", "ShopManagement.Configuration\ShopManagement.Configuration.csproj", "{B00692E8-E7E9-420D-8CEC-BB84A5CD87DE}"
EndProject
Project("{9A19103F-16F7-4668-BE54-9A1E7A4F7556}") = "ServiceHost", "ServiceHost\ServiceHost.csproj", "{B4E3A967-42B1-4A0D-A586-E9A3C7AF6409}"
EndProject
Project("{9A19103F-16F7-4668-BE54-9A1E7A4F7556}") = "01_ArshinQuery", "01_ArshinQuery\01_ArshinQuery.csproj", "{16AD5AC4-7920-4C99-8382-233FA353193A}"
EndProject
Project("{2150E333-8FDC-42A3-9474-1A3956D46DE8}") = "DiscountManagement", "DiscountManagement", "{44ADFC8A-59D2-4152-8DC3-FE1B2CA5ADA3}"
EndProject
Project("{2150E333-8FDC-42A3-9474-1A3956D46DE8}") = "DM.Domain", "DM.Domain", "{9C9F5491-8670-48B3-9106-E92E13D7BFC3}"
EndProject
Project("{9A19103F-16F7-4668-BE54-9A1E7A4F7556}") = "DiscountManagement.Domain", "DiscountManagement.Domain\DiscountManagement.Domain.csproj", "{9A695022-A831-4DF6-A0DE-D936523CD407}"
EndProject
Project("{2150E333-8FDC-42A3-9474-1A3956D46DE8}") = "DM.Application", "DM.Application", "{A17D39A9-5AEE-4AC9-BB68-11B99D2D29D9}"
EndProject
Project("{9A19103F-16F7-4668-BE54-9A1E7A4F7556}") = "DiscountManagement.Application.Contract", "CustomerDiscount.Application.Contract\DiscountManagement.Application.Contract.csproj", "{1CB9482D-6CCF-4CE9-AC37-DCDF5DDE0649}"
EndProject
Project("{9A19103F-16F7-4668-BE54-9A1E7A4F7556}") = "DiscountManagement.Application", "DiscountManagement.Application\DiscountManagement.Application.csproj", "{6ACAD5A1-5E6E-4130-97DB-3C7A6B17F6FF}"
EndProject
Project("{2150E333-8FDC-42A3-9474-1A3956D46DE8}") = "DM.Infrastructure", "DM.Infrastructure", "{82E3D840-875C-4849-98D6-26DE412F9E37}"
EndProject
Project("{9A19103F-16F7-4668-BE54-9A1E7A4F7556}") = "DiscountManagement.Infrastructure.EFCore", "DiscountManagement.Infrastructure.EFCore\DiscountManagement.Infrastructure.EFCore.csproj", "{E59912C0-E31D-4152-AF08-3ACC5C8DFCAD}"
EndProject
Project("{9A19103F-16F7-4668-BE54-9A1E7A4F7556}") = "DiscountManagement.Configuration", "DiscountManagement.Configuration\DiscountManagement.Configuration.csproj", "{86FDBD48-E306-48ED-AE64-AC0E0A058956}"
EndProject
Project("{2150E333-8FDC-42A3-9474-1A3956D46DE8}") = "InventoryManagement", "InventoryManagement", "{45A081E7-0DC9-4E6D-9835-12AE640D7E34}"
EndProject
Project("{2150E333-8FDC-42A3-9474-1A3956D46DE8}") = "IM.Domain", "IM.Domain", "{5EA8DC8E-8885-44F9-8433-F5730FCBB408}"
EndProject
Project("{9A19103F-16F7-4668-BE54-9A1E7A4F7556}") = "InventoryManagement.Domain", "InventoryManagement.Domain\InventoryManagement.Domain.csproj", "{7CDBE262-BF5D-40AB-9374-A05CD4CEC73F}"
EndProject
Project("{2150E333-8FDC-42A3-9474-1A3956D46DE8}") = "IM.Application", "IM.Application", "{406C7700-B2A1-41BE-878B-3C88D935C5F6}"
EndProject
Project("{9A19103F-16F7-4668-BE54-9A1E7A4F7556}") = "InventoryManagement.Application.Contract", "InventoryManagement.Application.Contract\InventoryManagement.Application.Contract.csproj", "{EAE9DFD2-BAB6-44FC-94F2-BB4371E87670}"
EndProject
Project("{2150E333-8FDC-42A3-9474-1A3956D46DE8}") = "IM.Infrastructure", "IM.Infrastructure", "{D0310AA3-F894-4F3C-B53C-8C091D178E7C}"
EndProject
Project("{9A19103F-16F7-4668-BE54-9A1E7A4F7556}") = "InventoryManagement.Infrastructure.EFCore", "InventoryManagement.Infrastructure.EFCore\InventoryManagement.Infrastructure.EFCore.csproj", "{1494D835-ED3E-4A46-B3D6-177D1AC1402A}"
EndProject
Project("{9A19103F-16F7-4668-BE54-9A1E7A4F7556}") = "InventoryManagement.Infrastructure.Configuration", "InventoryManagement.Infrastructure.Configuration\InventoryManagement.Infrastructure.Configuration.csproj", "{73DFA68D-FF14-4D3B-83C8-77E8D0E29C21}"
EndProject
Project("{9A19103F-16F7-4668-BE54-9A1E7A4F7556}") = "InventoryManagement.Application", "InventoryManagement.Application\InventoryManagement.Application.csproj", "{791DEC2B-2A7A-4AAB-9E84-50D78975D423}"
EndProject
Project("{2150E333-8FDC-42A3-9474-1A3956D46DE8}") = "CommentManagement", "CommentManagement", "{6F41329F-DD21-48FC-B750-84E88B36D3BC}"
EndProject
Project("{2150E333-8FDC-42A3-9474-1A3956D46DE8}") = "CM.Domain", "CM.Domain", "{04DA168E-0821-423D-8D9C-B5C369BED1B6}"
EndProject
Project("{9A19103F-16F7-4668-BE54-9A1E7A4F7556}") = "CommentManagement.Domain", "CommentManagement.Domain\CommentManagement.Domain.csproj", "{DFDF4E55-0BEC-415B-93AF-7AA55E73F4FE}"
EndProject
Project("{2150E333-8FDC-42A3-9474-1A3956D46DE8}") = "CM.Application", "CM.Application", "{C6FBEB9D-4FBB-46CB-AD10-9F4CACCF9378}"
EndProject
Project("{9A19103F-16F7-4668-BE54-9A1E7A4F7556}") = "CommentManagement.Application.Contracts", "CommentManagement.Application.Contracts\CommentManagement.Application.Contracts.csproj", "{0579C036-7D0D-4678-AAF1-1DBCAF2FCEEB}"
EndProject
Project("{9A19103F-16F7-4668-BE54-9A1E7A4F7556}") = "CommentManagement.Application", "CommentManagement.Application\CommentManagement.Application.csproj", "{B2F17BC0-619E-4297-A0F5-7287F7E953B0}"
EndProject
Project("{2150E333-8FDC-42A3-9474-1A3956D46DE8}") = "CM.Infrastructure", "CM.Infrastructure", "{578792E5-230C-4D2B-B02E-28E07D2648D8}"
EndProject
Project("{9A19103F-16F7-4668-BE54-9A1E7A4F7556}") = "CommnetManagement.Infrastructure.EFCore", "CommnetManagement.Infrastructure.EFCore\CommnetManagement.Infrastructure.EFCore.csproj", "{96B53B1A-AD9F-47C7-AA4B-03F2D7824A6E}"
EndProject
Project("{9A19103F-16F7-4668-BE54-9A1E7A4F7556}") = "CommentManagement.Infrastructure.Configuration", "CommentManagement.Infrastructure.Configuration\CommentManagement.Infrastructure.Configuration.csproj", "{72208CE4-956D-47DA-99DB-761F1BC45F89}"
EndProject
Project("{2150E333-8FDC-42A3-9474-1A3956D46DE8}") = "AccountManagement", "AccountManagement", "{1574BD8D-0EB4-405E-B8FB-9F0B785201F8}"
EndProject
Project("{2150E333-8FDC-42A3-9474-1A3956D46DE8}") = "AM.Domin", "AM.Domin", "{06877D22-F36F-4E0B-8285-F205F1719B0D}"
EndProject
Project("{9A19103F-16F7-4668-BE54-9A1E7A4F7556}") = "AccountManagement.Domain", "AccountManagement.Domain\AccountManagement.Domain.csproj", "{68A21D8D-AEDA-49B6-A7C8-F16E9076EA74}"
EndProject
Project("{2150E333-8FDC-42A3-9474-1A3956D46DE8}") = "AM.Application", "AM.Application", "{8F49D6C2-A8F8-4D05-9D6D-C564C4A5F9DD}"
EndProject
Project("{9A19103F-16F7-4668-BE54-9A1E7A4F7556}") = "AccountManagement.Application.Contracts", "AccountManagement.Application.Contracts\AccountManagement.Application.Contracts.csproj", "{18935A41-E65D-48A2-A51B-F216BC872732}"
EndProject
Project("{2150E333-8FDC-42A3-9474-1A3956D46DE8}") = "AM.Infrastructure", "AM.Infrastructure", "{8061B099-5044-4EDE-A71F-4EC1E0CC2C9F}"
EndProject
Project("{9A19103F-16F7-4668-BE54-9A1E7A4F7556}") = "AccountMangement.Infrastructure.EFCore", "AccountMangement.Infrastructure.EFCore\AccountMangement.Infrastructure.EFCore.csproj", "{0DDFBE39-1DF1-4D05-9A9C-B288E9297B75}"
EndProject
Project("{9A19103F-16F7-4668-BE54-9A1E7A4F7556}") = "AccountManagement.Application", "AccountManagement.Application\AccountManagement.Application.csproj", "{4D00B213-5738-4274-9763-7898532FCC79}"
EndProject
Project("{9A19103F-16F7-4668-BE54-9A1E7A4F7556}") = "AccountManagement.Configuration", "AccountManagement.Configuration\AccountManagement.Configuration.csproj", "{1268FE57-10D0-498D-8CEB-4B5C65801F50}"
EndProject
Global
	GlobalSection(SolutionConfigurationPlatforms) = preSolution
		Debug|Any CPU = Debug|Any CPU
		Release|Any CPU = Release|Any CPU
	EndGlobalSection
	GlobalSection(ProjectConfigurationPlatforms) = postSolution
		{81527FBC-217A-4819-AE96-11CF7B5BE5E8}.Debug|Any CPU.ActiveCfg = Debug|Any CPU
		{81527FBC-217A-4819-AE96-11CF7B5BE5E8}.Debug|Any CPU.Build.0 = Debug|Any CPU
		{81527FBC-217A-4819-AE96-11CF7B5BE5E8}.Release|Any CPU.ActiveCfg = Release|Any CPU
		{81527FBC-217A-4819-AE96-11CF7B5BE5E8}.Release|Any CPU.Build.0 = Release|Any CPU
		{049FA03D-F62B-4FF2-AD15-9C59096B7B06}.Debug|Any CPU.ActiveCfg = Debug|Any CPU
		{049FA03D-F62B-4FF2-AD15-9C59096B7B06}.Debug|Any CPU.Build.0 = Debug|Any CPU
		{049FA03D-F62B-4FF2-AD15-9C59096B7B06}.Release|Any CPU.ActiveCfg = Release|Any CPU
		{049FA03D-F62B-4FF2-AD15-9C59096B7B06}.Release|Any CPU.Build.0 = Release|Any CPU
		{320BFAB4-3AA7-4C8E-8A04-20A25BE38E55}.Debug|Any CPU.ActiveCfg = Debug|Any CPU
		{320BFAB4-3AA7-4C8E-8A04-20A25BE38E55}.Debug|Any CPU.Build.0 = Debug|Any CPU
		{320BFAB4-3AA7-4C8E-8A04-20A25BE38E55}.Release|Any CPU.ActiveCfg = Release|Any CPU
		{320BFAB4-3AA7-4C8E-8A04-20A25BE38E55}.Release|Any CPU.Build.0 = Release|Any CPU
		{FFE85D20-BED9-45BB-A4CC-49F387E3B013}.Debug|Any CPU.ActiveCfg = Debug|Any CPU
		{FFE85D20-BED9-45BB-A4CC-49F387E3B013}.Debug|Any CPU.Build.0 = Debug|Any CPU
		{FFE85D20-BED9-45BB-A4CC-49F387E3B013}.Release|Any CPU.ActiveCfg = Release|Any CPU
		{FFE85D20-BED9-45BB-A4CC-49F387E3B013}.Release|Any CPU.Build.0 = Release|Any CPU
		{B5E29590-0F96-45BD-BBD8-5AEF6DB80BB1}.Debug|Any CPU.ActiveCfg = Debug|Any CPU
		{B5E29590-0F96-45BD-BBD8-5AEF6DB80BB1}.Debug|Any CPU.Build.0 = Debug|Any CPU
		{B5E29590-0F96-45BD-BBD8-5AEF6DB80BB1}.Release|Any CPU.ActiveCfg = Release|Any CPU
		{B5E29590-0F96-45BD-BBD8-5AEF6DB80BB1}.Release|Any CPU.Build.0 = Release|Any CPU
		{B00692E8-E7E9-420D-8CEC-BB84A5CD87DE}.Debug|Any CPU.ActiveCfg = Debug|Any CPU
		{B00692E8-E7E9-420D-8CEC-BB84A5CD87DE}.Debug|Any CPU.Build.0 = Debug|Any CPU
		{B00692E8-E7E9-420D-8CEC-BB84A5CD87DE}.Release|Any CPU.ActiveCfg = Release|Any CPU
		{B00692E8-E7E9-420D-8CEC-BB84A5CD87DE}.Release|Any CPU.Build.0 = Release|Any CPU
		{B4E3A967-42B1-4A0D-A586-E9A3C7AF6409}.Debug|Any CPU.ActiveCfg = Debug|Any CPU
		{B4E3A967-42B1-4A0D-A586-E9A3C7AF6409}.Debug|Any CPU.Build.0 = Debug|Any CPU
		{B4E3A967-42B1-4A0D-A586-E9A3C7AF6409}.Release|Any CPU.ActiveCfg = Release|Any CPU
		{B4E3A967-42B1-4A0D-A586-E9A3C7AF6409}.Release|Any CPU.Build.0 = Release|Any CPU
		{16AD5AC4-7920-4C99-8382-233FA353193A}.Debug|Any CPU.ActiveCfg = Debug|Any CPU
		{16AD5AC4-7920-4C99-8382-233FA353193A}.Debug|Any CPU.Build.0 = Debug|Any CPU
		{16AD5AC4-7920-4C99-8382-233FA353193A}.Release|Any CPU.ActiveCfg = Release|Any CPU
		{16AD5AC4-7920-4C99-8382-233FA353193A}.Release|Any CPU.Build.0 = Release|Any CPU
		{9A695022-A831-4DF6-A0DE-D936523CD407}.Debug|Any CPU.ActiveCfg = Debug|Any CPU
		{9A695022-A831-4DF6-A0DE-D936523CD407}.Debug|Any CPU.Build.0 = Debug|Any CPU
		{9A695022-A831-4DF6-A0DE-D936523CD407}.Release|Any CPU.ActiveCfg = Release|Any CPU
		{9A695022-A831-4DF6-A0DE-D936523CD407}.Release|Any CPU.Build.0 = Release|Any CPU
		{1CB9482D-6CCF-4CE9-AC37-DCDF5DDE0649}.Debug|Any CPU.ActiveCfg = Debug|Any CPU
		{1CB9482D-6CCF-4CE9-AC37-DCDF5DDE0649}.Debug|Any CPU.Build.0 = Debug|Any CPU
		{1CB9482D-6CCF-4CE9-AC37-DCDF5DDE0649}.Release|Any CPU.ActiveCfg = Release|Any CPU
		{1CB9482D-6CCF-4CE9-AC37-DCDF5DDE0649}.Release|Any CPU.Build.0 = Release|Any CPU
		{6ACAD5A1-5E6E-4130-97DB-3C7A6B17F6FF}.Debug|Any CPU.ActiveCfg = Debug|Any CPU
		{6ACAD5A1-5E6E-4130-97DB-3C7A6B17F6FF}.Debug|Any CPU.Build.0 = Debug|Any CPU
		{6ACAD5A1-5E6E-4130-97DB-3C7A6B17F6FF}.Release|Any CPU.ActiveCfg = Release|Any CPU
		{6ACAD5A1-5E6E-4130-97DB-3C7A6B17F6FF}.Release|Any CPU.Build.0 = Release|Any CPU
		{E59912C0-E31D-4152-AF08-3ACC5C8DFCAD}.Debug|Any CPU.ActiveCfg = Debug|Any CPU
		{E59912C0-E31D-4152-AF08-3ACC5C8DFCAD}.Debug|Any CPU.Build.0 = Debug|Any CPU
		{E59912C0-E31D-4152-AF08-3ACC5C8DFCAD}.Release|Any CPU.ActiveCfg = Release|Any CPU
		{E59912C0-E31D-4152-AF08-3ACC5C8DFCAD}.Release|Any CPU.Build.0 = Release|Any CPU
		{86FDBD48-E306-48ED-AE64-AC0E0A058956}.Debug|Any CPU.ActiveCfg = Debug|Any CPU
		{86FDBD48-E306-48ED-AE64-AC0E0A058956}.Debug|Any CPU.Build.0 = Debug|Any CPU
		{86FDBD48-E306-48ED-AE64-AC0E0A058956}.Release|Any CPU.ActiveCfg = Release|Any CPU
		{86FDBD48-E306-48ED-AE64-AC0E0A058956}.Release|Any CPU.Build.0 = Release|Any CPU
		{7CDBE262-BF5D-40AB-9374-A05CD4CEC73F}.Debug|Any CPU.ActiveCfg = Debug|Any CPU
		{7CDBE262-BF5D-40AB-9374-A05CD4CEC73F}.Debug|Any CPU.Build.0 = Debug|Any CPU
		{7CDBE262-BF5D-40AB-9374-A05CD4CEC73F}.Release|Any CPU.ActiveCfg = Release|Any CPU
		{7CDBE262-BF5D-40AB-9374-A05CD4CEC73F}.Release|Any CPU.Build.0 = Release|Any CPU
		{EAE9DFD2-BAB6-44FC-94F2-BB4371E87670}.Debug|Any CPU.ActiveCfg = Debug|Any CPU
		{EAE9DFD2-BAB6-44FC-94F2-BB4371E87670}.Debug|Any CPU.Build.0 = Debug|Any CPU
		{EAE9DFD2-BAB6-44FC-94F2-BB4371E87670}.Release|Any CPU.ActiveCfg = Release|Any CPU
		{EAE9DFD2-BAB6-44FC-94F2-BB4371E87670}.Release|Any CPU.Build.0 = Release|Any CPU
		{1494D835-ED3E-4A46-B3D6-177D1AC1402A}.Debug|Any CPU.ActiveCfg = Debug|Any CPU
		{1494D835-ED3E-4A46-B3D6-177D1AC1402A}.Debug|Any CPU.Build.0 = Debug|Any CPU
		{1494D835-ED3E-4A46-B3D6-177D1AC1402A}.Release|Any CPU.ActiveCfg = Release|Any CPU
		{1494D835-ED3E-4A46-B3D6-177D1AC1402A}.Release|Any CPU.Build.0 = Release|Any CPU
		{73DFA68D-FF14-4D3B-83C8-77E8D0E29C21}.Debug|Any CPU.ActiveCfg = Debug|Any CPU
		{73DFA68D-FF14-4D3B-83C8-77E8D0E29C21}.Debug|Any CPU.Build.0 = Debug|Any CPU
		{73DFA68D-FF14-4D3B-83C8-77E8D0E29C21}.Release|Any CPU.ActiveCfg = Release|Any CPU
		{73DFA68D-FF14-4D3B-83C8-77E8D0E29C21}.Release|Any CPU.Build.0 = Release|Any CPU
		{791DEC2B-2A7A-4AAB-9E84-50D78975D423}.Debug|Any CPU.ActiveCfg = Debug|Any CPU
		{791DEC2B-2A7A-4AAB-9E84-50D78975D423}.Debug|Any CPU.Build.0 = Debug|Any CPU
		{791DEC2B-2A7A-4AAB-9E84-50D78975D423}.Release|Any CPU.ActiveCfg = Release|Any CPU
		{791DEC2B-2A7A-4AAB-9E84-50D78975D423}.Release|Any CPU.Build.0 = Release|Any CPU
		{DFDF4E55-0BEC-415B-93AF-7AA55E73F4FE}.Debug|Any CPU.ActiveCfg = Debug|Any CPU
		{DFDF4E55-0BEC-415B-93AF-7AA55E73F4FE}.Debug|Any CPU.Build.0 = Debug|Any CPU
		{DFDF4E55-0BEC-415B-93AF-7AA55E73F4FE}.Release|Any CPU.ActiveCfg = Release|Any CPU
		{DFDF4E55-0BEC-415B-93AF-7AA55E73F4FE}.Release|Any CPU.Build.0 = Release|Any CPU
		{0579C036-7D0D-4678-AAF1-1DBCAF2FCEEB}.Debug|Any CPU.ActiveCfg = Debug|Any CPU
		{0579C036-7D0D-4678-AAF1-1DBCAF2FCEEB}.Debug|Any CPU.Build.0 = Debug|Any CPU
		{0579C036-7D0D-4678-AAF1-1DBCAF2FCEEB}.Release|Any CPU.ActiveCfg = Release|Any CPU
		{0579C036-7D0D-4678-AAF1-1DBCAF2FCEEB}.Release|Any CPU.Build.0 = Release|Any CPU
		{B2F17BC0-619E-4297-A0F5-7287F7E953B0}.Debug|Any CPU.ActiveCfg = Debug|Any CPU
		{B2F17BC0-619E-4297-A0F5-7287F7E953B0}.Debug|Any CPU.Build.0 = Debug|Any CPU
		{B2F17BC0-619E-4297-A0F5-7287F7E953B0}.Release|Any CPU.ActiveCfg = Release|Any CPU
		{B2F17BC0-619E-4297-A0F5-7287F7E953B0}.Release|Any CPU.Build.0 = Release|Any CPU
		{96B53B1A-AD9F-47C7-AA4B-03F2D7824A6E}.Debug|Any CPU.ActiveCfg = Debug|Any CPU
		{96B53B1A-AD9F-47C7-AA4B-03F2D7824A6E}.Debug|Any CPU.Build.0 = Debug|Any CPU
		{96B53B1A-AD9F-47C7-AA4B-03F2D7824A6E}.Release|Any CPU.ActiveCfg = Release|Any CPU
		{96B53B1A-AD9F-47C7-AA4B-03F2D7824A6E}.Release|Any CPU.Build.0 = Release|Any CPU
		{72208CE4-956D-47DA-99DB-761F1BC45F89}.Debug|Any CPU.ActiveCfg = Debug|Any CPU
		{72208CE4-956D-47DA-99DB-761F1BC45F89}.Debug|Any CPU.Build.0 = Debug|Any CPU
		{72208CE4-956D-47DA-99DB-761F1BC45F89}.Release|Any CPU.ActiveCfg = Release|Any CPU
		{72208CE4-956D-47DA-99DB-761F1BC45F89}.Release|Any CPU.Build.0 = Release|Any CPU
		{68A21D8D-AEDA-49B6-A7C8-F16E9076EA74}.Debug|Any CPU.ActiveCfg = Debug|Any CPU
		{68A21D8D-AEDA-49B6-A7C8-F16E9076EA74}.Debug|Any CPU.Build.0 = Debug|Any CPU
		{68A21D8D-AEDA-49B6-A7C8-F16E9076EA74}.Release|Any CPU.ActiveCfg = Release|Any CPU
		{68A21D8D-AEDA-49B6-A7C8-F16E9076EA74}.Release|Any CPU.Build.0 = Release|Any CPU
		{18935A41-E65D-48A2-A51B-F216BC872732}.Debug|Any CPU.ActiveCfg = Debug|Any CPU
		{18935A41-E65D-48A2-A51B-F216BC872732}.Debug|Any CPU.Build.0 = Debug|Any CPU
		{18935A41-E65D-48A2-A51B-F216BC872732}.Release|Any CPU.ActiveCfg = Release|Any CPU
		{18935A41-E65D-48A2-A51B-F216BC872732}.Release|Any CPU.Build.0 = Release|Any CPU
		{0DDFBE39-1DF1-4D05-9A9C-B288E9297B75}.Debug|Any CPU.ActiveCfg = Debug|Any CPU
		{0DDFBE39-1DF1-4D05-9A9C-B288E9297B75}.Debug|Any CPU.Build.0 = Debug|Any CPU
		{0DDFBE39-1DF1-4D05-9A9C-B288E9297B75}.Release|Any CPU.ActiveCfg = Release|Any CPU
		{0DDFBE39-1DF1-4D05-9A9C-B288E9297B75}.Release|Any CPU.Build.0 = Release|Any CPU
		{4D00B213-5738-4274-9763-7898532FCC79}.Debug|Any CPU.ActiveCfg = Debug|Any CPU
		{4D00B213-5738-4274-9763-7898532FCC79}.Debug|Any CPU.Build.0 = Debug|Any CPU
		{4D00B213-5738-4274-9763-7898532FCC79}.Release|Any CPU.ActiveCfg = Release|Any CPU
		{4D00B213-5738-4274-9763-7898532FCC79}.Release|Any CPU.Build.0 = Release|Any CPU
		{1268FE57-10D0-498D-8CEB-4B5C65801F50}.Debug|Any CPU.ActiveCfg = Debug|Any CPU
		{1268FE57-10D0-498D-8CEB-4B5C65801F50}.Debug|Any CPU.Build.0 = Debug|Any CPU
		{1268FE57-10D0-498D-8CEB-4B5C65801F50}.Release|Any CPU.ActiveCfg = Release|Any CPU
		{1268FE57-10D0-498D-8CEB-4B5C65801F50}.Release|Any CPU.Build.0 = Release|Any CPU
	EndGlobalSection
	GlobalSection(SolutionProperties) = preSolution
		HideSolutionNode = FALSE
	EndGlobalSection
	GlobalSection(NestedProjects) = preSolution
		{BE0AD143-AE43-47DB-A074-FCC233B98A47} = {16EE61FA-6A35-45D9-971A-CAEA01F7682E}
		{81527FBC-217A-4819-AE96-11CF7B5BE5E8} = {BE0AD143-AE43-47DB-A074-FCC233B98A47}
		{69E17012-D9CF-464B-90D4-4174DB579AF8} = {16EE61FA-6A35-45D9-971A-CAEA01F7682E}
		{320BFAB4-3AA7-4C8E-8A04-20A25BE38E55} = {69E17012-D9CF-464B-90D4-4174DB579AF8}
		{FFE85D20-BED9-45BB-A4CC-49F387E3B013} = {69E17012-D9CF-464B-90D4-4174DB579AF8}
		{66DE9C2E-AFE2-45D9-8609-A81F8D50E275} = {16EE61FA-6A35-45D9-971A-CAEA01F7682E}
		{B5E29590-0F96-45BD-BBD8-5AEF6DB80BB1} = {66DE9C2E-AFE2-45D9-8609-A81F8D50E275}
		{B00692E8-E7E9-420D-8CEC-BB84A5CD87DE} = {66DE9C2E-AFE2-45D9-8609-A81F8D50E275}
		{9C9F5491-8670-48B3-9106-E92E13D7BFC3} = {44ADFC8A-59D2-4152-8DC3-FE1B2CA5ADA3}
		{9A695022-A831-4DF6-A0DE-D936523CD407} = {9C9F5491-8670-48B3-9106-E92E13D7BFC3}
		{A17D39A9-5AEE-4AC9-BB68-11B99D2D29D9} = {44ADFC8A-59D2-4152-8DC3-FE1B2CA5ADA3}
		{1CB9482D-6CCF-4CE9-AC37-DCDF5DDE0649} = {A17D39A9-5AEE-4AC9-BB68-11B99D2D29D9}
		{6ACAD5A1-5E6E-4130-97DB-3C7A6B17F6FF} = {A17D39A9-5AEE-4AC9-BB68-11B99D2D29D9}
		{82E3D840-875C-4849-98D6-26DE412F9E37} = {44ADFC8A-59D2-4152-8DC3-FE1B2CA5ADA3}
		{E59912C0-E31D-4152-AF08-3ACC5C8DFCAD} = {82E3D840-875C-4849-98D6-26DE412F9E37}
		{86FDBD48-E306-48ED-AE64-AC0E0A058956} = {82E3D840-875C-4849-98D6-26DE412F9E37}
		{5EA8DC8E-8885-44F9-8433-F5730FCBB408} = {45A081E7-0DC9-4E6D-9835-12AE640D7E34}
		{7CDBE262-BF5D-40AB-9374-A05CD4CEC73F} = {5EA8DC8E-8885-44F9-8433-F5730FCBB408}
		{406C7700-B2A1-41BE-878B-3C88D935C5F6} = {45A081E7-0DC9-4E6D-9835-12AE640D7E34}
		{EAE9DFD2-BAB6-44FC-94F2-BB4371E87670} = {406C7700-B2A1-41BE-878B-3C88D935C5F6}
		{D0310AA3-F894-4F3C-B53C-8C091D178E7C} = {45A081E7-0DC9-4E6D-9835-12AE640D7E34}
		{1494D835-ED3E-4A46-B3D6-177D1AC1402A} = {D0310AA3-F894-4F3C-B53C-8C091D178E7C}
		{73DFA68D-FF14-4D3B-83C8-77E8D0E29C21} = {D0310AA3-F894-4F3C-B53C-8C091D178E7C}
		{791DEC2B-2A7A-4AAB-9E84-50D78975D423} = {406C7700-B2A1-41BE-878B-3C88D935C5F6}
		{04DA168E-0821-423D-8D9C-B5C369BED1B6} = {6F41329F-DD21-48FC-B750-84E88B36D3BC}
		{DFDF4E55-0BEC-415B-93AF-7AA55E73F4FE} = {04DA168E-0821-423D-8D9C-B5C369BED1B6}
		{C6FBEB9D-4FBB-46CB-AD10-9F4CACCF9378} = {6F41329F-DD21-48FC-B750-84E88B36D3BC}
		{0579C036-7D0D-4678-AAF1-1DBCAF2FCEEB} = {C6FBEB9D-4FBB-46CB-AD10-9F4CACCF9378}
		{B2F17BC0-619E-4297-A0F5-7287F7E953B0} = {C6FBEB9D-4FBB-46CB-AD10-9F4CACCF9378}
		{578792E5-230C-4D2B-B02E-28E07D2648D8} = {6F41329F-DD21-48FC-B750-84E88B36D3BC}
		{96B53B1A-AD9F-47C7-AA4B-03F2D7824A6E} = {578792E5-230C-4D2B-B02E-28E07D2648D8}
		{72208CE4-956D-47DA-99DB-761F1BC45F89} = {578792E5-230C-4D2B-B02E-28E07D2648D8}
		{06877D22-F36F-4E0B-8285-F205F1719B0D} = {1574BD8D-0EB4-405E-B8FB-9F0B785201F8}
		{68A21D8D-AEDA-49B6-A7C8-F16E9076EA74} = {06877D22-F36F-4E0B-8285-F205F1719B0D}
		{8F49D6C2-A8F8-4D05-9D6D-C564C4A5F9DD} = {1574BD8D-0EB4-405E-B8FB-9F0B785201F8}
		{18935A41-E65D-48A2-A51B-F216BC872732} = {8F49D6C2-A8F8-4D05-9D6D-C564C4A5F9DD}
		{8061B099-5044-4EDE-A71F-4EC1E0CC2C9F} = {1574BD8D-0EB4-405E-B8FB-9F0B785201F8}
		{0DDFBE39-1DF1-4D05-9A9C-B288E9297B75} = {8061B099-5044-4EDE-A71F-4EC1E0CC2C9F}
		{4D00B213-5738-4274-9763-7898532FCC79} = {8F49D6C2-A8F8-4D05-9D6D-C564C4A5F9DD}
		{1268FE57-10D0-498D-8CEB-4B5C65801F50} = {8061B099-5044-4EDE-A71F-4EC1E0CC2C9F}
	EndGlobalSection
	GlobalSection(ExtensibilityGlobals) = postSolution
		SolutionGuid = {1D492A1D-2D95-463D-8D74-A1070FDFABE7}
	EndGlobalSection
EndGlobal
