
Microsoft Visual Studio Solution File, Format Version 12.00
# Visual Studio Version 16
VisualStudioVersion = 16.0.36227.6
MinimumVisualStudioVersion = 10.0.40219.1
Project("{2150E333-8FDC-42A3-9474-1A3956D46DE8}") = "ShopManagement", "ShopManagement", "{16EE61FA-6A35-45D9-971A-CAEA01F7682E}"
EndProject
Project("{2150E333-8FDC-42A3-9474-1A3956D46DE8}") = "SM.Domain", "SM.Domain", "{BE0AD143-AE43-47DB-A074-FCC233B98A47}"
EndProject
Project("{9A19103F-16F7-4668-BE54-9A1E7A4F7556}") = "ShopManagement.Domain", "ShopManagement.Domain\ShopManagement.Domain.csproj", "{81527FBC-217A-4819-AE96-11CF7B5BE5E8}"
EndProject
Project("{9A19103F-16F7-4668-BE54-9A1E7A4F7556}") = "0_Framework", "0_Framework\0_Framework.csproj", "{049FA03D-F62B-4FF2-AD15-9C59096B7B06}"
EndProject
Project("{2150E333-8FDC-42A3-9474-1A3956D46DE8}") = "SM.Application", "SM.Application", "{69E17012-D9CF-464B-90D4-4174DB579AF8}"
EndProject
Project("{9A19103F-16F7-4668-BE54-9A1E7A4F7556}") = "ShopManagement.Application.Contracts", "ShopManagement.Application.Contracts\ShopManagement.Application.Contracts.csproj", "{320BFAB4-3AA7-4C8E-8A04-20A25BE38E55}"
EndProject
Project("{9A19103F-16F7-4668-BE54-9A1E7A4F7556}") = "ShopManagement.Application", "ShopManagement.Application\ShopManagement.Application.csproj", "{FFE85D20-BED9-45BB-A4CC-49F387E3B013}"
EndProject
Project("{2150E333-8FDC-42A3-9474-1A3956D46DE8}") = "SM.Infrastructure", "SM.Infrastructure", "{66DE9C2E-AFE2-45D9-8609-A81F8D50E275}"
EndProject
Project("{9A19103F-16F7-4668-BE54-9A1E7A4F7556}") = "ShopManagement.Infrastructure.EFCore", "ShopManagement.Infrastructure.EFCore\ShopManagement.Infrastructure.EFCore.csproj", "{B5E29590-0F96-45BD-BBD8-5AEF6DB80BB1}"
EndProject
Project("{9A19103F-16F7-4668-BE54-9A1E7A4F7556}") = "ShopManagement.Configuration", "ShopManagement.Configuration\ShopManagement.Configuration.csproj", "{B00692E8-E7E9-420D-8CEC-BB84A5CD87DE}"
EndProject
Project("{9A19103F-16F7-4668-BE54-9A1E7A4F7556}") = "ServiceHost", "ServiceHost\ServiceHost.csproj", "{B4E3A967-42B1-4A0D-A586-E9A3C7AF6409}"
EndProject
Project("{9A19103F-16F7-4668-BE54-9A1E7A4F7556}") = "01_ArshinQuery", "01_ArshinQuery\01_ArshinQuery.csproj", "{16AD5AC4-7920-4C99-8382-233FA353193A}"
EndProject
Project("{2150E333-8FDC-42A3-9474-1A3956D46DE8}") = "DiscountManagement", "DiscountManagement", "{44ADFC8A-59D2-4152-8DC3-FE1B2CA5ADA3}"
EndProject
Project("{2150E333-8FDC-42A3-9474-1A3956D46DE8}") = "DM.Domain", "DM.Domain", "{9C9F5491-8670-48B3-9106-E92E13D7BFC3}"
EndProject
Project("{9A19103F-16F7-4668-BE54-9A1E7A4F7556}") = "DiscountManagement.Domain", "DiscountManagement.Domain\DiscountManagement.Domain.csproj", "{9A695022-A831-4DF6-A0DE-D936523CD407}"
EndProject
Project("{2150E333-8FDC-42A3-9474-1A3956D46DE8}") = "DM.Application", "DM.Application", "{A17D39A9-5AEE-4AC9-BB68-11B99D2D29D9}"
EndProject
Project("{9A19103F-16F7-4668-BE54-9A1E7A4F7556}") = "DiscountManagement.Application.Contract", "CustomerDiscount.Application.Contract\DiscountManagement.Application.Contract.csproj", "{1CB9482D-6CCF-4CE9-AC37-DCDF5DDE0649}"
EndProject
Project("{9A19103F-16F7-4668-BE54-9A1E7A4F7556}") = "DiscountManagement.Application", "DiscountManagement.Application\DiscountManagement.Application.csproj", "{6ACAD5A1-5E6E-4130-97DB-3C7A6B17F6FF}"
EndProject
Project("{2150E333-8FDC-42A3-9474-1A3956D46DE8}") = "DM.Infrastructure", "DM.Infrastructure", "{82E3D840-875C-4849-98D6-26DE412F9E37}"
EndProject
Project("{9A19103F-16F7-4668-BE54-9A1E7A4F7556}") = "DiscountManagement.Infrastructure.EFCore", "DiscountManagement.Infrastructure.EFCore\DiscountManagement.Infrastructure.EFCore.csproj", "{E59912C0-E31D-4152-AF08-3ACC5C8DFCAD}"
EndProject
Project("{9A19103F-16F7-4668-BE54-9A1E7A4F7556}") = "DiscountManagement.Configuration", "DiscountManagement.Configuration\DiscountManagement.Configuration.csproj", "{86FDBD48-E306-48ED-AE64-AC0E0A058956}"
EndProject
Project("{2150E333-8FDC-42A3-9474-1A3956D46DE8}") = "InventoryManagement", "InventoryManagement", "{45A081E7-0DC9-4E6D-9835-12AE640D7E34}"
EndProject
Project("{2150E333-8FDC-42A3-9474-1A3956D46DE8}") = "IM.Domain", "IM.Domain", "{5EA8DC8E-8885-44F9-8433-F5730FCBB408}"
EndProject
Project("{9A19103F-16F7-4668-BE54-9A1E7A4F7556}") = "InventoryManagement.Domain", "InventoryManagement.Domain\InventoryManagement.Domain.csproj", "{7CDBE262-BF5D-40AB-9374-A05CD4CEC73F}"
EndProject
Project("{2150E333-8FDC-42A3-9474-1A3956D46DE8}") = "IM.Application", "IM.Application", "{406C7700-B2A1-41BE-878B-3C88D935C5F6}"
EndProject
Project("{9A19103F-16F7-4668-BE54-9A1E7A4F7556}") = "InventoryManagement.Application.Contract", "InventoryManagement.Application.Contract\InventoryManagement.Application.Contract.csproj", "{EAE9DFD2-BAB6-44FC-94F2-BB4371E87670}"
EndProject
Project("{2150E333-8FDC-42A3-9474-1A3956D46DE8}") = "IM.Infrastructure", "IM.Infrastructure", "{D0310AA3-F894-4F3C-B53C-8C091D178E7C}"
EndProject
Project("{9A19103F-16F7-4668-BE54-9A1E7A4F7556}") = "InventoryManagement.Infrastructure.EFCore", "InventoryManagement.Infrastructure.EFCore\InventoryManagement.Infrastructure.EFCore.csproj", "{1494D835-ED3E-4A46-B3D6-177D1AC1402A}"
EndProject
Project("{9A19103F-16F7-4668-BE54-9A1E7A4F7556}") = "InventoryManagement.Infrastructure.Configuration", "InventoryManagement.Infrastructure.Configuration\InventoryManagement.Infrastructure.Configuration.csproj", "{73DFA68D-FF14-4D3B-83C8-77E8D0E29C21}"
EndProject
Project("{FAE04EC0-301F-11D3-BF4B-00C04F79EFBC}") = "InventoryManagement.Application", "InventoryManagement.Application\InventoryManagement.Application.csproj", "{791DEC2B-2A7A-4AAB-9E84-50D78975D423}"
EndProject
Global
	GlobalSection(SolutionConfigurationPlatforms) = preSolution
		Debug|Any CPU = Debug|Any CPU
		Release|Any CPU = Release|Any CPU
	EndGlobalSection
	GlobalSection(ProjectConfigurationPlatforms) = postSolution
		{81527FBC-217A-4819-AE96-11CF7B5BE5E8}.Debug|Any CPU.ActiveCfg = Debug|Any CPU
		{81527FBC-217A-4819-AE96-11CF7B5BE5E8}.Debug|Any CPU.Build.0 = Debug|Any CPU
		{81527FBC-217A-4819-AE96-11CF7B5BE5E8}.Release|Any CPU.ActiveCfg = Release|Any CPU
		{81527FBC-217A-4819-AE96-11CF7B5BE5E8}.Release|Any CPU.Build.0 = Release|Any CPU
		{049FA03D-F62B-4FF2-AD15-9C59096B7B06}.Debug|Any CPU.ActiveCfg = Debug|Any CPU
		{049FA03D-F62B-4FF2-AD15-9C59096B7B06}.Debug|Any CPU.Build.0 = Debug|Any CPU
		{049FA03D-F62B-4FF2-AD15-9C59096B7B06}.Release|Any CPU.ActiveCfg = Release|Any CPU
		{049FA03D-F62B-4FF2-AD15-9C59096B7B06}.Release|Any CPU.Build.0 = Release|Any CPU
		{320BFAB4-3AA7-4C8E-8A04-20A25BE38E55}.Debug|Any CPU.ActiveCfg = Debug|Any CPU
		{320BFAB4-3AA7-4C8E-8A04-20A25BE38E55}.Debug|Any CPU.Build.0 = Debug|Any CPU
		{320BFAB4-3AA7-4C8E-8A04-20A25BE38E55}.Release|Any CPU.ActiveCfg = Release|Any CPU
		{320BFAB4-3AA7-4C8E-8A04-20A25BE38E55}.Release|Any CPU.Build.0 = Release|Any CPU
		{FFE85D20-BED9-45BB-A4CC-49F387E3B013}.Debug|Any CPU.ActiveCfg = Debug|Any CPU
		{FFE85D20-BED9-45BB-A4CC-49F387E3B013}.Debug|Any CPU.Build.0 = Debug|Any CPU
		{FFE85D20-BED9-45BB-A4CC-49F387E3B013}.Release|Any CPU.ActiveCfg = Release|Any CPU
		{FFE85D20-BED9-45BB-A4CC-49F387E3B013}.Release|Any CPU.Build.0 = Release|Any CPU
		{B5E29590-0F96-45BD-BBD8-5AEF6DB80BB1}.Debug|Any CPU.ActiveCfg = Debug|Any CPU
		{B5E29590-0F96-45BD-BBD8-5AEF6DB80BB1}.Debug|Any CPU.Build.0 = Debug|Any CPU
		{B5E29590-0F96-45BD-BBD8-5AEF6DB80BB1}.Release|Any CPU.ActiveCfg = Release|Any CPU
		{B5E29590-0F96-45BD-BBD8-5AEF6DB80BB1}.Release|Any CPU.Build.0 = Release|Any CPU
		{B00692E8-E7E9-420D-8CEC-BB84A5CD87DE}.Debug|Any CPU.ActiveCfg = Debug|Any CPU
		{B00692E8-E7E9-420D-8CEC-BB84A5CD87DE}.Debug|Any CPU.Build.0 = Debug|Any CPU
		{B00692E8-E7E9-420D-8CEC-BB84A5CD87DE}.Release|Any CPU.ActiveCfg = Release|Any CPU
		{B00692E8-E7E9-420D-8CEC-BB84A5CD87DE}.Release|Any CPU.Build.0 = Release|Any CPU
		{B4E3A967-42B1-4A0D-A586-E9A3C7AF6409}.Debug|Any CPU.ActiveCfg = Debug|Any CPU
		{B4E3A967-42B1-4A0D-A586-E9A3C7AF6409}.Debug|Any CPU.Build.0 = Debug|Any CPU
		{B4E3A967-42B1-4A0D-A586-E9A3C7AF6409}.Release|Any CPU.ActiveCfg = Release|Any CPU
		{B4E3A967-42B1-4A0D-A586-E9A3C7AF6409}.Release|Any CPU.Build.0 = Release|Any CPU
		{16AD5AC4-7920-4C99-8382-233FA353193A}.Debug|Any CPU.ActiveCfg = Debug|Any CPU
		{16AD5AC4-7920-4C99-8382-233FA353193A}.Debug|Any CPU.Build.0 = Debug|Any CPU
		{16AD5AC4-7920-4C99-8382-233FA353193A}.Release|Any CPU.ActiveCfg = Release|Any CPU
		{16AD5AC4-7920-4C99-8382-233FA353193A}.Release|Any CPU.Build.0 = Release|Any CPU
		{9A695022-A831-4DF6-A0DE-D936523CD407}.Debug|Any CPU.ActiveCfg = Debug|Any CPU
		{9A695022-A831-4DF6-A0DE-D936523CD407}.Debug|Any CPU.Build.0 = Debug|Any CPU
		{9A695022-A831-4DF6-A0DE-D936523CD407}.Release|Any CPU.ActiveCfg = Release|Any CPU
		{9A695022-A831-4DF6-A0DE-D936523CD407}.Release|Any CPU.Build.0 = Release|Any CPU
		{1CB9482D-6CCF-4CE9-AC37-DCDF5DDE0649}.Debug|Any CPU.ActiveCfg = Debug|Any CPU
		{1CB9482D-6CCF-4CE9-AC37-DCDF5DDE0649}.Debug|Any CPU.Build.0 = Debug|Any CPU
		{1CB9482D-6CCF-4CE9-AC37-DCDF5DDE0649}.Release|Any CPU.ActiveCfg = Release|Any CPU
		{1CB9482D-6CCF-4CE9-AC37-DCDF5DDE0649}.Release|Any CPU.Build.0 = Release|Any CPU
		{6ACAD5A1-5E6E-4130-97DB-3C7A6B17F6FF}.Debug|Any CPU.ActiveCfg = Debug|Any CPU
		{6ACAD5A1-5E6E-4130-97DB-3C7A6B17F6FF}.Debug|Any CPU.Build.0 = Debug|Any CPU
		{6ACAD5A1-5E6E-4130-97DB-3C7A6B17F6FF}.Release|Any CPU.ActiveCfg = Release|Any CPU
		{6ACAD5A1-5E6E-4130-97DB-3C7A6B17F6FF}.Release|Any CPU.Build.0 = Release|Any CPU
		{E59912C0-E31D-4152-AF08-3ACC5C8DFCAD}.Debug|Any CPU.ActiveCfg = Debug|Any CPU
		{E59912C0-E31D-4152-AF08-3ACC5C8DFCAD}.Debug|Any CPU.Build.0 = Debug|Any CPU
		{E59912C0-E31D-4152-AF08-3ACC5C8DFCAD}.Release|Any CPU.ActiveCfg = Release|Any CPU
		{E59912C0-E31D-4152-AF08-3ACC5C8DFCAD}.Release|Any CPU.Build.0 = Release|Any CPU
		{86FDBD48-E306-48ED-AE64-AC0E0A058956}.Debug|Any CPU.ActiveCfg = Debug|Any CPU
		{86FDBD48-E306-48ED-AE64-AC0E0A058956}.Debug|Any CPU.Build.0 = Debug|Any CPU
		{86FDBD48-E306-48ED-AE64-AC0E0A058956}.Release|Any CPU.ActiveCfg = Release|Any CPU
		{86FDBD48-E306-48ED-AE64-AC0E0A058956}.Release|Any CPU.Build.0 = Release|Any CPU
		{7CDBE262-BF5D-40AB-9374-A05CD4CEC73F}.Debug|Any CPU.ActiveCfg = Debug|Any CPU
		{7CDBE262-BF5D-40AB-9374-A05CD4CEC73F}.Debug|Any CPU.Build.0 = Debug|Any CPU
		{7CDBE262-BF5D-40AB-9374-A05CD4CEC73F}.Release|Any CPU.ActiveCfg = Release|Any CPU
		{7CDBE262-BF5D-40AB-9374-A05CD4CEC73F}.Release|Any CPU.Build.0 = Release|Any CPU
		{EAE9DFD2-BAB6-44FC-94F2-BB4371E87670}.Debug|Any CPU.ActiveCfg = Debug|Any CPU
		{EAE9DFD2-BAB6-44FC-94F2-BB4371E87670}.Debug|Any CPU.Build.0 = Debug|Any CPU
		{EAE9DFD2-BAB6-44FC-94F2-BB4371E87670}.Release|Any CPU.ActiveCfg = Release|Any CPU
		{EAE9DFD2-BAB6-44FC-94F2-BB4371E87670}.Release|Any CPU.Build.0 = Release|Any CPU
		{1494D835-ED3E-4A46-B3D6-177D1AC1402A}.Debug|Any CPU.ActiveCfg = Debug|Any CPU
		{1494D835-ED3E-4A46-B3D6-177D1AC1402A}.Debug|Any CPU.Build.0 = Debug|Any CPU
		{1494D835-ED3E-4A46-B3D6-177D1AC1402A}.Release|Any CPU.ActiveCfg = Release|Any CPU
		{1494D835-ED3E-4A46-B3D6-177D1AC1402A}.Release|Any CPU.Build.0 = Release|Any CPU
		{73DFA68D-FF14-4D3B-83C8-77E8D0E29C21}.Debug|Any CPU.ActiveCfg = Debug|Any CPU
		{73DFA68D-FF14-4D3B-83C8-77E8D0E29C21}.Debug|Any CPU.Build.0 = Debug|Any CPU
		{73DFA68D-FF14-4D3B-83C8-77E8D0E29C21}.Release|Any CPU.ActiveCfg = Release|Any CPU
		{73DFA68D-FF14-4D3B-83C8-77E8D0E29C21}.Release|Any CPU.Build.0 = Release|Any CPU
		{791DEC2B-2A7A-4AAB-9E84-50D78975D423}.Debug|Any CPU.ActiveCfg = Debug|Any CPU
		{791DEC2B-2A7A-4AAB-9E84-50D78975D423}.Debug|Any CPU.Build.0 = Debug|Any CPU
		{791DEC2B-2A7A-4AAB-9E84-50D78975D423}.Release|Any CPU.ActiveCfg = Release|Any CPU
		{791DEC2B-2A7A-4AAB-9E84-50D78975D423}.Release|Any CPU.Build.0 = Release|Any CPU
	EndGlobalSection
	GlobalSection(SolutionProperties) = preSolution
		HideSolutionNode = FALSE
	EndGlobalSection
	GlobalSection(NestedProjects) = preSolution
		{BE0AD143-AE43-47DB-A074-FCC233B98A47} = {16EE61FA-6A35-45D9-971A-CAEA01F7682E}
		{81527FBC-217A-4819-AE96-11CF7B5BE5E8} = {BE0AD143-AE43-47DB-A074-FCC233B98A47}
		{69E17012-D9CF-464B-90D4-4174DB579AF8} = {16EE61FA-6A35-45D9-971A-CAEA01F7682E}
		{320BFAB4-3AA7-4C8E-8A04-20A25BE38E55} = {69E17012-D9CF-464B-90D4-4174DB579AF8}
		{FFE85D20-BED9-45BB-A4CC-49F387E3B013} = {69E17012-D9CF-464B-90D4-4174DB579AF8}
		{66DE9C2E-AFE2-45D9-8609-A81F8D50E275} = {16EE61FA-6A35-45D9-971A-CAEA01F7682E}
		{B5E29590-0F96-45BD-BBD8-5AEF6DB80BB1} = {66DE9C2E-AFE2-45D9-8609-A81F8D50E275}
		{B00692E8-E7E9-420D-8CEC-BB84A5CD87DE} = {66DE9C2E-AFE2-45D9-8609-A81F8D50E275}
		{9C9F5491-8670-48B3-9106-E92E13D7BFC3} = {44ADFC8A-59D2-4152-8DC3-FE1B2CA5ADA3}
		{9A695022-A831-4DF6-A0DE-D936523CD407} = {9C9F5491-8670-48B3-9106-E92E13D7BFC3}
		{A17D39A9-5AEE-4AC9-BB68-11B99D2D29D9} = {44ADFC8A-59D2-4152-8DC3-FE1B2CA5ADA3}
		{1CB9482D-6CCF-4CE9-AC37-DCDF5DDE0649} = {A17D39A9-5AEE-4AC9-BB68-11B99D2D29D9}
		{6ACAD5A1-5E6E-4130-97DB-3C7A6B17F6FF} = {A17D39A9-5AEE-4AC9-BB68-11B99D2D29D9}
		{82E3D840-875C-4849-98D6-26DE412F9E37} = {44ADFC8A-59D2-4152-8DC3-FE1B2CA5ADA3}
		{E59912C0-E31D-4152-AF08-3ACC5C8DFCAD} = {82E3D840-875C-4849-98D6-26DE412F9E37}
		{86FDBD48-E306-48ED-AE64-AC0E0A058956} = {82E3D840-875C-4849-98D6-26DE412F9E37}
		{5EA8DC8E-8885-44F9-8433-F5730FCBB408} = {45A081E7-0DC9-4E6D-9835-12AE640D7E34}
		{7CDBE262-BF5D-40AB-9374-A05CD4CEC73F} = {5EA8DC8E-8885-44F9-8433-F5730FCBB408}
		{406C7700-B2A1-41BE-878B-3C88D935C5F6} = {45A081E7-0DC9-4E6D-9835-12AE640D7E34}
		{EAE9DFD2-BAB6-44FC-94F2-BB4371E87670} = {406C7700-B2A1-41BE-878B-3C88D935C5F6}
		{D0310AA3-F894-4F3C-B53C-8C091D178E7C} = {45A081E7-0DC9-4E6D-9835-12AE640D7E34}
		{1494D835-ED3E-4A46-B3D6-177D1AC1402A} = {D0310AA3-F894-4F3C-B53C-8C091D178E7C}
		{73DFA68D-FF14-4D3B-83C8-77E8D0E29C21} = {D0310AA3-F894-4F3C-B53C-8C091D178E7C}
		{791DEC2B-2A7A-4AAB-9E84-50D78975D423} = {406C7700-B2A1-41BE-878B-3C88D935C5F6}
	EndGlobalSection
	GlobalSection(ExtensibilityGlobals) = postSolution
		SolutionGuid = {1D492A1D-2D95-463D-8D74-A1070FDFABE7}
	EndGlobalSection
EndGlobal
